// !$*UTF8*$!
{
	archiveVersion = 1;
	classes = {
	};
	objectVersion = 55;
	objects = {

/* Begin PBXBuildFile section */
		8E11D44D28955B0700020411 /* AppDelegate.swift in Sources */ = {isa = PBXBuildFile; fileRef = 8E11D44C28955B0700020411 /* AppDelegate.swift */; };
		8E11D44F28955B0700020411 /* SceneDelegate.swift in Sources */ = {isa = PBXBuildFile; fileRef = 8E11D44E28955B0700020411 /* SceneDelegate.swift */; };
		8E11D45428955B0700020411 /* Main.storyboard in Resources */ = {isa = PBXBuildFile; fileRef = 8E11D45228955B0700020411 /* Main.storyboard */; };
		8E11D45728955B0700020411 /* frist_project.xcdatamodeld in Sources */ = {isa = PBXBuildFile; fileRef = 8E11D45528955B0700020411 /* frist_project.xcdatamodeld */; };
		8E11D45928955B0C00020411 /* Assets.xcassets in Resources */ = {isa = PBXBuildFile; fileRef = 8E11D45828955B0C00020411 /* Assets.xcassets */; };
		8E11D45C28955B0C00020411 /* LaunchScreen.storyboard in Resources */ = {isa = PBXBuildFile; fileRef = 8E11D45A28955B0C00020411 /* LaunchScreen.storyboard */; };
		8E11D46528956BE900020411 /* GredientView.swift in Sources */ = {isa = PBXBuildFile; fileRef = 8E11D46428956BE900020411 /* GredientView.swift */; };
		8E11D468289588E500020411 /* IntroViewController.swift in Sources */ = {isa = PBXBuildFile; fileRef = 8E11D467289588E500020411 /* IntroViewController.swift */; };
		8E11D46A2895CD7600020411 /* facebookBtn.swift in Sources */ = {isa = PBXBuildFile; fileRef = 8E11D4692895CD7600020411 /* facebookBtn.swift */; };
		8E11D46C2895D60200020411 /* textfield.swift in Sources */ = {isa = PBXBuildFile; fileRef = 8E11D46B2895D60100020411 /* textfield.swift */; };
		8E27EC2228A15B8300034D79 /* Users.swift in Sources */ = {isa = PBXBuildFile; fileRef = 8E27EC2128A15B8300034D79 /* Users.swift */; };
		8E50B89428B234C5007C5864 /* StatusInfo.swift in Sources */ = {isa = PBXBuildFile; fileRef = 8E50B89328B234C5007C5864 /* StatusInfo.swift */; };
		8E685BED28A8F9E20099C3CB /* AlertMessage.swift in Sources */ = {isa = PBXBuildFile; fileRef = 8E685BEC28A8F9E20099C3CB /* AlertMessage.swift */; };
		8E685BEF28A916460099C3CB /* CreateAccountResponse.swift in Sources */ = {isa = PBXBuildFile; fileRef = 8E685BEE28A916460099C3CB /* CreateAccountResponse.swift */; };
		8E685BF128A92C440099C3CB /* UserInfoResponse.swift in Sources */ = {isa = PBXBuildFile; fileRef = 8E685BF028A92C440099C3CB /* UserInfoResponse.swift */; };
		8E6E46A6289BF8DC0018B67D /* NotificationsViewController.swift in Sources */ = {isa = PBXBuildFile; fileRef = 8E6E46A5289BF8DC0018B67D /* NotificationsViewController.swift */; };
		8E6E46A8289BFA6E0018B67D /* notificationCell.swift in Sources */ = {isa = PBXBuildFile; fileRef = 8E6E46A7289BFA6E0018B67D /* notificationCell.swift */; };
		8E7C0BBF289B18D400A22031 /* numberfollowersView.swift in Sources */ = {isa = PBXBuildFile; fileRef = 8E7C0BBE289B18D400A22031 /* numberfollowersView.swift */; };
		8E7C0BC1289B1D7300A22031 /* friendRequestBtn.swift in Sources */ = {isa = PBXBuildFile; fileRef = 8E7C0BC0289B1D7300A22031 /* friendRequestBtn.swift */; };
		8E7C0BC3289B1F5F00A22031 /* name+DescriptionView.swift in Sources */ = {isa = PBXBuildFile; fileRef = 8E7C0BC2289B1F5F00A22031 /* name+DescriptionView.swift */; };
		8E7C0BC5289B21EA00A22031 /* ProfileViewController.swift in Sources */ = {isa = PBXBuildFile; fileRef = 8E7C0BC4289B21EA00A22031 /* ProfileViewController.swift */; };
		8E7C0BC7289B232800A22031 /* personalPhotoCell.swift in Sources */ = {isa = PBXBuildFile; fileRef = 8E7C0BC6289B232800A22031 /* personalPhotoCell.swift */; };
		8E81549F28981A1000F693AC /* TableViewCell.swift in Sources */ = {isa = PBXBuildFile; fileRef = 8E81549E28981A1000F693AC /* TableViewCell.swift */; };
		8E94213F28B53A7B00F405F0 /* Localizable.strings in Resources */ = {isa = PBXBuildFile; fileRef = 8E94214128B53A7B00F405F0 /* Localizable.strings */; };
		8EA0E1E528972C1C00165BE5 /* storyCell.swift in Sources */ = {isa = PBXBuildFile; fileRef = 8EA0E1E428972C1C00165BE5 /* storyCell.swift */; };
		8EE3DF7E289701FB00ED9AAF /* UserInfoViewController.swift in Sources */ = {isa = PBXBuildFile; fileRef = 8EE3DF7D289701FB00ED9AAF /* UserInfoViewController.swift */; };
		8EE3DF802897021100ED9AAF /* EmailViewController.swift in Sources */ = {isa = PBXBuildFile; fileRef = 8EE3DF7F2897021100ED9AAF /* EmailViewController.swift */; };
		8EE3DF822897024A00ED9AAF /* PasswordViewController.swift in Sources */ = {isa = PBXBuildFile; fileRef = 8EE3DF812897024A00ED9AAF /* PasswordViewController.swift */; };
		8EE3DF862897028900ED9AAF /* LogInViewController.swift in Sources */ = {isa = PBXBuildFile; fileRef = 8EE3DF852897028900ED9AAF /* LogInViewController.swift */; };
		8EE3DF8928970F9600ED9AAF /* MainViewController.swift in Sources */ = {isa = PBXBuildFile; fileRef = 8EE3DF8828970F9600ED9AAF /* MainViewController.swift */; };
		8EE6A5F028AFDF0100A431B3 /* PostInfo.swift in Sources */ = {isa = PBXBuildFile; fileRef = 8EE6A5EF28AFDF0100A431B3 /* PostInfo.swift */; };
		90B00BD3B6A08019882F7069 /* libPods-frist-project.a in Frameworks */ = {isa = PBXBuildFile; fileRef = 74CFED2DB6ACEA492C412D40 /* libPods-frist-project.a */; };
/* End PBXBuildFile section */

/* Begin PBXFileReference section */
		74CFED2DB6ACEA492C412D40 /* libPods-frist-project.a */ = {isa = PBXFileReference; explicitFileType = archive.ar; includeInIndex = 0; path = "libPods-frist-project.a"; sourceTree = BUILT_PRODUCTS_DIR; };
		8E11D44928955B0700020411 /* frist-project.app */ = {isa = PBXFileReference; explicitFileType = wrapper.application; includeInIndex = 0; path = "frist-project.app"; sourceTree = BUILT_PRODUCTS_DIR; };
		8E11D44C28955B0700020411 /* AppDelegate.swift */ = {isa = PBXFileReference; lastKnownFileType = sourcecode.swift; path = AppDelegate.swift; sourceTree = "<group>"; };
		8E11D44E28955B0700020411 /* SceneDelegate.swift */ = {isa = PBXFileReference; lastKnownFileType = sourcecode.swift; path = SceneDelegate.swift; sourceTree = "<group>"; };
		8E11D45328955B0700020411 /* Base */ = {isa = PBXFileReference; lastKnownFileType = file.storyboard; name = Base; path = Base.lproj/Main.storyboard; sourceTree = "<group>"; };
		8E11D45628955B0700020411 /* frist_project.xcdatamodel */ = {isa = PBXFileReference; lastKnownFileType = wrapper.xcdatamodel; path = frist_project.xcdatamodel; sourceTree = "<group>"; };
		8E11D45828955B0C00020411 /* Assets.xcassets */ = {isa = PBXFileReference; lastKnownFileType = folder.assetcatalog; path = Assets.xcassets; sourceTree = "<group>"; };
		8E11D45B28955B0C00020411 /* Base */ = {isa = PBXFileReference; lastKnownFileType = file.storyboard; name = Base; path = Base.lproj/LaunchScreen.storyboard; sourceTree = "<group>"; };
		8E11D45D28955B0C00020411 /* Info.plist */ = {isa = PBXFileReference; lastKnownFileType = text.plist.xml; path = Info.plist; sourceTree = "<group>"; };
		8E11D46428956BE900020411 /* GredientView.swift */ = {isa = PBXFileReference; lastKnownFileType = sourcecode.swift; path = GredientView.swift; sourceTree = "<group>"; };
		8E11D467289588E500020411 /* IntroViewController.swift */ = {isa = PBXFileReference; lastKnownFileType = sourcecode.swift; path = IntroViewController.swift; sourceTree = "<group>"; };
		8E11D4692895CD7600020411 /* facebookBtn.swift */ = {isa = PBXFileReference; lastKnownFileType = sourcecode.swift; path = facebookBtn.swift; sourceTree = "<group>"; };
		8E11D46B2895D60100020411 /* textfield.swift */ = {isa = PBXFileReference; lastKnownFileType = sourcecode.swift; path = textfield.swift; sourceTree = "<group>"; };
		8E27EC2128A15B8300034D79 /* Users.swift */ = {isa = PBXFileReference; lastKnownFileType = sourcecode.swift; path = Users.swift; sourceTree = "<group>"; };
		8E50B89328B234C5007C5864 /* StatusInfo.swift */ = {isa = PBXFileReference; lastKnownFileType = sourcecode.swift; path = StatusInfo.swift; sourceTree = "<group>"; };
		8E685BEC28A8F9E20099C3CB /* AlertMessage.swift */ = {isa = PBXFileReference; lastKnownFileType = sourcecode.swift; path = AlertMessage.swift; sourceTree = "<group>"; };
		8E685BEE28A916460099C3CB /* CreateAccountResponse.swift */ = {isa = PBXFileReference; lastKnownFileType = sourcecode.swift; path = CreateAccountResponse.swift; sourceTree = "<group>"; };
		8E685BF028A92C440099C3CB /* UserInfoResponse.swift */ = {isa = PBXFileReference; lastKnownFileType = sourcecode.swift; path = UserInfoResponse.swift; sourceTree = "<group>"; };
		8E6E46A5289BF8DC0018B67D /* NotificationsViewController.swift */ = {isa = PBXFileReference; lastKnownFileType = sourcecode.swift; path = NotificationsViewController.swift; sourceTree = "<group>"; };
		8E6E46A7289BFA6E0018B67D /* notificationCell.swift */ = {isa = PBXFileReference; lastKnownFileType = sourcecode.swift; path = notificationCell.swift; sourceTree = "<group>"; };
		8E7C0BBE289B18D400A22031 /* numberfollowersView.swift */ = {isa = PBXFileReference; lastKnownFileType = sourcecode.swift; path = numberfollowersView.swift; sourceTree = "<group>"; };
		8E7C0BC0289B1D7300A22031 /* friendRequestBtn.swift */ = {isa = PBXFileReference; lastKnownFileType = sourcecode.swift; path = friendRequestBtn.swift; sourceTree = "<group>"; };
		8E7C0BC2289B1F5F00A22031 /* name+DescriptionView.swift */ = {isa = PBXFileReference; lastKnownFileType = sourcecode.swift; path = "name+DescriptionView.swift"; sourceTree = "<group>"; };
		8E7C0BC4289B21EA00A22031 /* ProfileViewController.swift */ = {isa = PBXFileReference; lastKnownFileType = sourcecode.swift; path = ProfileViewController.swift; sourceTree = "<group>"; };
		8E7C0BC6289B232800A22031 /* personalPhotoCell.swift */ = {isa = PBXFileReference; lastKnownFileType = sourcecode.swift; path = personalPhotoCell.swift; sourceTree = "<group>"; };
		8E81549E28981A1000F693AC /* TableViewCell.swift */ = {isa = PBXFileReference; lastKnownFileType = sourcecode.swift; path = TableViewCell.swift; sourceTree = "<group>"; };
		8E94214028B53A7B00F405F0 /* en */ = {isa = PBXFileReference; lastKnownFileType = text.plist.strings; name = en; path = en.lproj/Localizable.strings; sourceTree = "<group>"; };
		8E94214228B5414600F405F0 /* ar */ = {isa = PBXFileReference; lastKnownFileType = text.plist.strings; name = ar; path = ar.lproj/Main.strings; sourceTree = "<group>"; };
		8E94214328B5414700F405F0 /* ar */ = {isa = PBXFileReference; lastKnownFileType = text.plist.strings; name = ar; path = ar.lproj/LaunchScreen.strings; sourceTree = "<group>"; };
		8E94214428B5414700F405F0 /* ar */ = {isa = PBXFileReference; lastKnownFileType = text.plist.strings; name = ar; path = ar.lproj/Localizable.strings; sourceTree = "<group>"; };
		8EA0E1E428972C1C00165BE5 /* storyCell.swift */ = {isa = PBXFileReference; lastKnownFileType = sourcecode.swift; path = storyCell.swift; sourceTree = "<group>"; };
		8EE3DF7D289701FB00ED9AAF /* UserInfoViewController.swift */ = {isa = PBXFileReference; lastKnownFileType = sourcecode.swift; path = UserInfoViewController.swift; sourceTree = "<group>"; };
		8EE3DF7F2897021100ED9AAF /* EmailViewController.swift */ = {isa = PBXFileReference; lastKnownFileType = sourcecode.swift; path = EmailViewController.swift; sourceTree = "<group>"; };
		8EE3DF812897024A00ED9AAF /* PasswordViewController.swift */ = {isa = PBXFileReference; lastKnownFileType = sourcecode.swift; path = PasswordViewController.swift; sourceTree = "<group>"; };
		8EE3DF852897028900ED9AAF /* LogInViewController.swift */ = {isa = PBXFileReference; lastKnownFileType = sourcecode.swift; path = LogInViewController.swift; sourceTree = "<group>"; };
		8EE3DF8828970F9600ED9AAF /* MainViewController.swift */ = {isa = PBXFileReference; lastKnownFileType = sourcecode.swift; path = MainViewController.swift; sourceTree = "<group>"; };
		8EE6A5EF28AFDF0100A431B3 /* PostInfo.swift */ = {isa = PBXFileReference; lastKnownFileType = sourcecode.swift; path = PostInfo.swift; sourceTree = "<group>"; };
		D1E3156570B5AEA39E327E5E /* Pods-frist-project.release.xcconfig */ = {isa = PBXFileReference; includeInIndex = 1; lastKnownFileType = text.xcconfig; name = "Pods-frist-project.release.xcconfig"; path = "Target Support Files/Pods-frist-project/Pods-frist-project.release.xcconfig"; sourceTree = "<group>"; };
		F9A4DB75FE4F5B79DB928D38 /* Pods-frist-project.debug.xcconfig */ = {isa = PBXFileReference; includeInIndex = 1; lastKnownFileType = text.xcconfig; name = "Pods-frist-project.debug.xcconfig"; path = "Target Support Files/Pods-frist-project/Pods-frist-project.debug.xcconfig"; sourceTree = "<group>"; };
/* End PBXFileReference section */

/* Begin PBXFrameworksBuildPhase section */
		8E11D44628955B0700020411 /* Frameworks */ = {
			isa = PBXFrameworksBuildPhase;
			buildActionMask = 2147483647;
			files = (
				90B00BD3B6A08019882F7069 /* libPods-frist-project.a in Frameworks */,
			);
			runOnlyForDeploymentPostprocessing = 0;
		};
/* End PBXFrameworksBuildPhase section */

/* Begin PBXGroup section */
		73C1AC69FC3E87614F2F3F9A /* Pods */ = {
			isa = PBXGroup;
			children = (
				F9A4DB75FE4F5B79DB928D38 /* Pods-frist-project.debug.xcconfig */,
				D1E3156570B5AEA39E327E5E /* Pods-frist-project.release.xcconfig */,
			);
			path = Pods;
			sourceTree = "<group>";
		};
		8E11D44028955B0700020411 = {
			isa = PBXGroup;
			children = (
				8E11D44B28955B0700020411 /* frist-project */,
				8E11D44A28955B0700020411 /* Products */,
				73C1AC69FC3E87614F2F3F9A /* Pods */,
				B634520A4DC6625ED3857FF1 /* Frameworks */,
			);
			sourceTree = "<group>";
		};
		8E11D44A28955B0700020411 /* Products */ = {
			isa = PBXGroup;
			children = (
				8E11D44928955B0700020411 /* frist-project.app */,
			);
			name = Products;
			sourceTree = "<group>";
		};
		8E11D44B28955B0700020411 /* frist-project */ = {
			isa = PBXGroup;
			children = (
				8E94213C28B53A3F00F405F0 /* Localization */,
				8E685BEB28A8F9B60099C3CB /* Utilities */,
				8E27EC2028A15A2900034D79 /* Model */,
				8EA0E1E328972BE400165BE5 /* Cell */,
				8EE3DF87289702FE00ED9AAF /* controllers main */,
				8E11D4662895889500020411 /* LoginControllers */,
				8E11D46328956BA700020411 /* view */,
				8E11D44C28955B0700020411 /* AppDelegate.swift */,
				8E11D44E28955B0700020411 /* SceneDelegate.swift */,
				8E11D45228955B0700020411 /* Main.storyboard */,
				8E11D45828955B0C00020411 /* Assets.xcassets */,
				8E11D45A28955B0C00020411 /* LaunchScreen.storyboard */,
				8E11D45D28955B0C00020411 /* Info.plist */,
				8E11D45528955B0700020411 /* frist_project.xcdatamodeld */,
			);
			path = "frist-project";
			sourceTree = "<group>";
		};
		8E11D46328956BA700020411 /* view */ = {
			isa = PBXGroup;
			children = (
				8E11D46428956BE900020411 /* GredientView.swift */,
				8E11D4692895CD7600020411 /* facebookBtn.swift */,
				8E11D46B2895D60100020411 /* textfield.swift */,
				8E7C0BBE289B18D400A22031 /* numberfollowersView.swift */,
				8E7C0BC0289B1D7300A22031 /* friendRequestBtn.swift */,
				8E7C0BC2289B1F5F00A22031 /* name+DescriptionView.swift */,
			);
			path = view;
			sourceTree = "<group>";
		};
		8E11D4662895889500020411 /* LoginControllers */ = {
			isa = PBXGroup;
			children = (
				8E11D467289588E500020411 /* IntroViewController.swift */,
				8EE3DF7D289701FB00ED9AAF /* UserInfoViewController.swift */,
				8EE3DF7F2897021100ED9AAF /* EmailViewController.swift */,
				8EE3DF812897024A00ED9AAF /* PasswordViewController.swift */,
				8EE3DF852897028900ED9AAF /* LogInViewController.swift */,
			);
			path = LoginControllers;
			sourceTree = "<group>";
		};
		8E27EC2028A15A2900034D79 /* Model */ = {
			isa = PBXGroup;
			children = (
				8E27EC2128A15B8300034D79 /* Users.swift */,
				8E685BEE28A916460099C3CB /* CreateAccountResponse.swift */,
				8E685BF028A92C440099C3CB /* UserInfoResponse.swift */,
				8EE6A5EF28AFDF0100A431B3 /* PostInfo.swift */,
				8E50B89328B234C5007C5864 /* StatusInfo.swift */,
			);
			path = Model;
			sourceTree = "<group>";
		};
		8E685BEB28A8F9B60099C3CB /* Utilities */ = {
			isa = PBXGroup;
			children = (
				8E685BEC28A8F9E20099C3CB /* AlertMessage.swift */,
			);
			path = Utilities;
			sourceTree = "<group>";
		};
		8E94213C28B53A3F00F405F0 /* Localization */ = {
			isa = PBXGroup;
			children = (
				8E94214128B53A7B00F405F0 /* Localizable.strings */,
			);
			path = Localization;
			sourceTree = "<group>";
		};
		8EA0E1E328972BE400165BE5 /* Cell */ = {
			isa = PBXGroup;
			children = (
				8EA0E1E428972C1C00165BE5 /* storyCell.swift */,
				8E81549E28981A1000F693AC /* TableViewCell.swift */,
				8E7C0BC6289B232800A22031 /* personalPhotoCell.swift */,
				8E6E46A7289BFA6E0018B67D /* notificationCell.swift */,
			);
			path = Cell;
			sourceTree = "<group>";
		};
		8EE3DF87289702FE00ED9AAF /* controllers main */ = {
			isa = PBXGroup;
			children = (
				8EE3DF8828970F9600ED9AAF /* MainViewController.swift */,
				8E7C0BC4289B21EA00A22031 /* ProfileViewController.swift */,
				8E6E46A5289BF8DC0018B67D /* NotificationsViewController.swift */,
			);
			path = "controllers main";
			sourceTree = "<group>";
		};
		B634520A4DC6625ED3857FF1 /* Frameworks */ = {
			isa = PBXGroup;
			children = (
				74CFED2DB6ACEA492C412D40 /* libPods-frist-project.a */,
			);
			name = Frameworks;
			sourceTree = "<group>";
		};
/* End PBXGroup section */

/* Begin PBXNativeTarget section */
		8E11D44828955B0700020411 /* frist-project */ = {
			isa = PBXNativeTarget;
			buildConfigurationList = 8E11D46028955B0C00020411 /* Build configuration list for PBXNativeTarget "frist-project" */;
			buildPhases = (
				163C8EC001DEFBBA0A37ACCB /* [CP] Check Pods Manifest.lock */,
				8E11D44528955B0700020411 /* Sources */,
				8E11D44628955B0700020411 /* Frameworks */,
				8E11D44728955B0700020411 /* Resources */,
			);
			buildRules = (
			);
			dependencies = (
			);
			name = "frist-project";
			productName = "frist-project";
			productReference = 8E11D44928955B0700020411 /* frist-project.app */;
			productType = "com.apple.product-type.application";
		};
/* End PBXNativeTarget section */

/* Begin PBXProject section */
		8E11D44128955B0700020411 /* Project object */ = {
			isa = PBXProject;
			attributes = {
				BuildIndependentTargetsInParallel = 1;
				LastSwiftUpdateCheck = 1340;
				LastUpgradeCheck = 1340;
				TargetAttributes = {
					8E11D44828955B0700020411 = {
						CreatedOnToolsVersion = 13.4.1;
					};
				};
			};
			buildConfigurationList = 8E11D44428955B0700020411 /* Build configuration list for PBXProject "frist-project" */;
			compatibilityVersion = "Xcode 13.0";
			developmentRegion = en;
			hasScannedForEncodings = 0;
			knownRegions = (
				en,
				Base,
				ar,
			);
			mainGroup = 8E11D44028955B0700020411;
			productRefGroup = 8E11D44A28955B0700020411 /* Products */;
			projectDirPath = "";
			projectRoot = "";
			targets = (
				8E11D44828955B0700020411 /* frist-project */,
			);
		};
/* End PBXProject section */

/* Begin PBXResourcesBuildPhase section */
		8E11D44728955B0700020411 /* Resources */ = {
			isa = PBXResourcesBuildPhase;
			buildActionMask = 2147483647;
			files = (
				8E11D45C28955B0C00020411 /* LaunchScreen.storyboard in Resources */,
				8E94213F28B53A7B00F405F0 /* Localizable.strings in Resources */,
				8E11D45928955B0C00020411 /* Assets.xcassets in Resources */,
				8E11D45428955B0700020411 /* Main.storyboard in Resources */,
			);
			runOnlyForDeploymentPostprocessing = 0;
		};
/* End PBXResourcesBuildPhase section */

/* Begin PBXShellScriptBuildPhase section */
		163C8EC001DEFBBA0A37ACCB /* [CP] Check Pods Manifest.lock */ = {
			isa = PBXShellScriptBuildPhase;
			buildActionMask = 2147483647;
			files = (
			);
			inputFileListPaths = (
			);
			inputPaths = (
				"${PODS_PODFILE_DIR_PATH}/Podfile.lock",
				"${PODS_ROOT}/Manifest.lock",
			);
			name = "[CP] Check Pods Manifest.lock";
			outputFileListPaths = (
			);
			outputPaths = (
				"$(DERIVED_FILE_DIR)/Pods-frist-project-checkManifestLockResult.txt",
			);
			runOnlyForDeploymentPostprocessing = 0;
			shellPath = /bin/sh;
			shellScript = "diff \"${PODS_PODFILE_DIR_PATH}/Podfile.lock\" \"${PODS_ROOT}/Manifest.lock\" > /dev/null\nif [ $? != 0 ] ; then\n    # print error to STDERR\n    echo \"error: The sandbox is not in sync with the Podfile.lock. Run 'pod install' or update your CocoaPods installation.\" >&2\n    exit 1\nfi\n# This output is used by Xcode 'outputs' to avoid re-running this script phase.\necho \"SUCCESS\" > \"${SCRIPT_OUTPUT_FILE_0}\"\n";
			showEnvVarsInLog = 0;
		};
/* End PBXShellScriptBuildPhase section */

/* Begin PBXSourcesBuildPhase section */
		8E11D44528955B0700020411 /* Sources */ = {
			isa = PBXSourcesBuildPhase;
			buildActionMask = 2147483647;
			files = (
				8E50B89428B234C5007C5864 /* StatusInfo.swift in Sources */,
				8E81549F28981A1000F693AC /* TableViewCell.swift in Sources */,
				8EE3DF822897024A00ED9AAF /* PasswordViewController.swift in Sources */,
				8E11D45728955B0700020411 /* frist_project.xcdatamodeld in Sources */,
				8E7C0BC3289B1F5F00A22031 /* name+DescriptionView.swift in Sources */,
				8E7C0BC5289B21EA00A22031 /* ProfileViewController.swift in Sources */,
				8E685BED28A8F9E20099C3CB /* AlertMessage.swift in Sources */,
				8E685BEF28A916460099C3CB /* CreateAccountResponse.swift in Sources */,
				8E6E46A8289BFA6E0018B67D /* notificationCell.swift in Sources */,
				8E11D44D28955B0700020411 /* AppDelegate.swift in Sources */,
				8E11D46528956BE900020411 /* GredientView.swift in Sources */,
				8E11D44F28955B0700020411 /* SceneDelegate.swift in Sources */,
				8E7C0BC1289B1D7300A22031 /* friendRequestBtn.swift in Sources */,
				8E27EC2228A15B8300034D79 /* Users.swift in Sources */,
				8E7C0BC7289B232800A22031 /* personalPhotoCell.swift in Sources */,
				8EE3DF802897021100ED9AAF /* EmailViewController.swift in Sources */,
				8E11D46A2895CD7600020411 /* facebookBtn.swift in Sources */,
				8E11D468289588E500020411 /* IntroViewController.swift in Sources */,
				8EA0E1E528972C1C00165BE5 /* storyCell.swift in Sources */,
				8EE3DF862897028900ED9AAF /* LogInViewController.swift in Sources */,
				8E7C0BBF289B18D400A22031 /* numberfollowersView.swift in Sources */,
				8EE3DF7E289701FB00ED9AAF /* UserInfoViewController.swift in Sources */,
				8E685BF128A92C440099C3CB /* UserInfoResponse.swift in Sources */,
				8E11D46C2895D60200020411 /* textfield.swift in Sources */,
				8EE3DF8928970F9600ED9AAF /* MainViewController.swift in Sources */,
				8E6E46A6289BF8DC0018B67D /* NotificationsViewController.swift in Sources */,
				8EE6A5F028AFDF0100A431B3 /* PostInfo.swift in Sources */,
			);
			runOnlyForDeploymentPostprocessing = 0;
		};
/* End PBXSourcesBuildPhase section */

/* Begin PBXVariantGroup section */
		8E11D45228955B0700020411 /* Main.storyboard */ = {
			isa = PBXVariantGroup;
			children = (
				8E11D45328955B0700020411 /* Base */,
				8E94214228B5414600F405F0 /* ar */,
			);
			name = Main.storyboard;
			sourceTree = "<group>";
		};
		8E11D45A28955B0C00020411 /* LaunchScreen.storyboard */ = {
			isa = PBXVariantGroup;
			children = (
				8E11D45B28955B0C00020411 /* Base */,
				8E94214328B5414700F405F0 /* ar */,
			);
			name = LaunchScreen.storyboard;
			sourceTree = "<group>";
		};
		8E94214128B53A7B00F405F0 /* Localizable.strings */ = {
			isa = PBXVariantGroup;
			children = (
				8E94214028B53A7B00F405F0 /* en */,
				8E94214428B5414700F405F0 /* ar */,
			);
			name = Localizable.strings;
			sourceTree = "<group>";
		};
/* End PBXVariantGroup section */

/* Begin XCBuildConfiguration section */
		8E11D45E28955B0C00020411 /* Debug */ = {
			isa = XCBuildConfiguration;
			buildSettings = {
				ALWAYS_SEARCH_USER_PATHS = NO;
				CLANG_ANALYZER_LOCALIZABILITY_NONLOCALIZED = YES;
				CLANG_ANALYZER_NONNULL = YES;
				CLANG_ANALYZER_NUMBER_OBJECT_CONVERSION = YES_AGGRESSIVE;
				CLANG_CXX_LANGUAGE_STANDARD = "gnu++17";
				CLANG_ENABLE_MODULES = YES;
				CLANG_ENABLE_OBJC_ARC = YES;
				CLANG_ENABLE_OBJC_WEAK = YES;
				CLANG_WARN_BLOCK_CAPTURE_AUTORELEASING = YES;
				CLANG_WARN_BOOL_CONVERSION = YES;
				CLANG_WARN_COMMA = YES;
				CLANG_WARN_CONSTANT_CONVERSION = YES;
				CLANG_WARN_DEPRECATED_OBJC_IMPLEMENTATIONS = YES;
				CLANG_WARN_DIRECT_OBJC_ISA_USAGE = YES_ERROR;
				CLANG_WARN_DOCUMENTATION_COMMENTS = YES;
				CLANG_WARN_EMPTY_BODY = YES;
				CLANG_WARN_ENUM_CONVERSION = YES;
				CLANG_WARN_INFINITE_RECURSION = YES;
				CLANG_WARN_INT_CONVERSION = YES;
				CLANG_WARN_NON_LITERAL_NULL_CONVERSION = YES;
				CLANG_WARN_OBJC_IMPLICIT_RETAIN_SELF = YES;
				CLANG_WARN_OBJC_LITERAL_CONVERSION = YES;
				CLANG_WARN_OBJC_ROOT_CLASS = YES_ERROR;
				CLANG_WARN_QUOTED_INCLUDE_IN_FRAMEWORK_HEADER = YES;
				CLANG_WARN_RANGE_LOOP_ANALYSIS = YES;
				CLANG_WARN_STRICT_PROTOTYPES = YES;
				CLANG_WARN_SUSPICIOUS_MOVE = YES;
				CLANG_WARN_UNGUARDED_AVAILABILITY = YES_AGGRESSIVE;
				CLANG_WARN_UNREACHABLE_CODE = YES;
				CLANG_WARN__DUPLICATE_METHOD_MATCH = YES;
				COPY_PHASE_STRIP = NO;
				DEBUG_INFORMATION_FORMAT = dwarf;
				ENABLE_STRICT_OBJC_MSGSEND = YES;
				ENABLE_TESTABILITY = YES;
				GCC_C_LANGUAGE_STANDARD = gnu11;
				GCC_DYNAMIC_NO_PIC = NO;
				GCC_NO_COMMON_BLOCKS = YES;
				GCC_OPTIMIZATION_LEVEL = 0;
				GCC_PREPROCESSOR_DEFINITIONS = (
					"DEBUG=1",
					"$(inherited)",
				);
				GCC_WARN_64_TO_32_BIT_CONVERSION = YES;
				GCC_WARN_ABOUT_RETURN_TYPE = YES_ERROR;
				GCC_WARN_UNDECLARED_SELECTOR = YES;
				GCC_WARN_UNINITIALIZED_AUTOS = YES_AGGRESSIVE;
				GCC_WARN_UNUSED_FUNCTION = YES;
				GCC_WARN_UNUSED_VARIABLE = YES;
				IPHONEOS_DEPLOYMENT_TARGET = 15.5;
				MTL_ENABLE_DEBUG_INFO = INCLUDE_SOURCE;
				MTL_FAST_MATH = YES;
				ONLY_ACTIVE_ARCH = YES;
				SDKROOT = iphoneos;
				SWIFT_ACTIVE_COMPILATION_CONDITIONS = DEBUG;
				SWIFT_OPTIMIZATION_LEVEL = "-Onone";
			};
			name = Debug;
		};
		8E11D45F28955B0C00020411 /* Release */ = {
			isa = XCBuildConfiguration;
			buildSettings = {
				ALWAYS_SEARCH_USER_PATHS = NO;
				CLANG_ANALYZER_LOCALIZABILITY_NONLOCALIZED = YES;
				CLANG_ANALYZER_NONNULL = YES;
				CLANG_ANALYZER_NUMBER_OBJECT_CONVERSION = YES_AGGRESSIVE;
				CLANG_CXX_LANGUAGE_STANDARD = "gnu++17";
				CLANG_ENABLE_MODULES = YES;
				CLANG_ENABLE_OBJC_ARC = YES;
				CLANG_ENABLE_OBJC_WEAK = YES;
				CLANG_WARN_BLOCK_CAPTURE_AUTORELEASING = YES;
				CLANG_WARN_BOOL_CONVERSION = YES;
				CLANG_WARN_COMMA = YES;
				CLANG_WARN_CONSTANT_CONVERSION = YES;
				CLANG_WARN_DEPRECATED_OBJC_IMPLEMENTATIONS = YES;
				CLANG_WARN_DIRECT_OBJC_ISA_USAGE = YES_ERROR;
				CLANG_WARN_DOCUMENTATION_COMMENTS = YES;
				CLANG_WARN_EMPTY_BODY = YES;
				CLANG_WARN_ENUM_CONVERSION = YES;
				CLANG_WARN_INFINITE_RECURSION = YES;
				CLANG_WARN_INT_CONVERSION = YES;
				CLANG_WARN_NON_LITERAL_NULL_CONVERSION = YES;
				CLANG_WARN_OBJC_IMPLICIT_RETAIN_SELF = YES;
				CLANG_WARN_OBJC_LITERAL_CONVERSION = YES;
				CLANG_WARN_OBJC_ROOT_CLASS = YES_ERROR;
				CLANG_WARN_QUOTED_INCLUDE_IN_FRAMEWORK_HEADER = YES;
				CLANG_WARN_RANGE_LOOP_ANALYSIS = YES;
				CLANG_WARN_STRICT_PROTOTYPES = YES;
				CLANG_WARN_SUSPICIOUS_MOVE = YES;
				CLANG_WARN_UNGUARDED_AVAILABILITY = YES_AGGRESSIVE;
				CLANG_WARN_UNREACHABLE_CODE = YES;
				CLANG_WARN__DUPLICATE_METHOD_MATCH = YES;
				COPY_PHASE_STRIP = NO;
				DEBUG_INFORMATION_FORMAT = "dwarf-with-dsym";
				ENABLE_NS_ASSERTIONS = NO;
				ENABLE_STRICT_OBJC_MSGSEND = YES;
				GCC_C_LANGUAGE_STANDARD = gnu11;
				GCC_NO_COMMON_BLOCKS = YES;
				GCC_WARN_64_TO_32_BIT_CONVERSION = YES;
				GCC_WARN_ABOUT_RETURN_TYPE = YES_ERROR;
				GCC_WARN_UNDECLARED_SELECTOR = YES;
				GCC_WARN_UNINITIALIZED_AUTOS = YES_AGGRESSIVE;
				GCC_WARN_UNUSED_FUNCTION = YES;
				GCC_WARN_UNUSED_VARIABLE = YES;
				IPHONEOS_DEPLOYMENT_TARGET = 15.5;
				MTL_ENABLE_DEBUG_INFO = NO;
				MTL_FAST_MATH = YES;
				SDKROOT = iphoneos;
				SWIFT_COMPILATION_MODE = wholemodule;
				SWIFT_OPTIMIZATION_LEVEL = "-O";
				VALIDATE_PRODUCT = YES;
			};
			name = Release;
		};
		8E11D46128955B0C00020411 /* Debug */ = {
			isa = XCBuildConfiguration;
			baseConfigurationReference = F9A4DB75FE4F5B79DB928D38 /* Pods-frist-project.debug.xcconfig */;
			buildSettings = {
				ASSETCATALOG_COMPILER_APPICON_NAME = AppIcon;
				ASSETCATALOG_COMPILER_GLOBAL_ACCENT_COLOR_NAME = AccentColor;
				CODE_SIGN_STYLE = Automatic;
				CURRENT_PROJECT_VERSION = 1;
				DEVELOPMENT_TEAM = BGWT5349A7;
				GENERATE_INFOPLIST_FILE = YES;
				INFOPLIST_FILE = "frist-project/Info.plist";
				INFOPLIST_KEY_UIApplicationSupportsIndirectInputEvents = YES;
				INFOPLIST_KEY_UILaunchStoryboardName = LaunchScreen;
				INFOPLIST_KEY_UIMainStoryboardFile = Main;
				INFOPLIST_KEY_UIRequiresFullScreen = NO;
				INFOPLIST_KEY_UIStatusBarHidden = NO;
				INFOPLIST_KEY_UISupportedInterfaceOrientations_iPad = "UIInterfaceOrientationPortrait UIInterfaceOrientationPortraitUpsideDown UIInterfaceOrientationLandscapeLeft UIInterfaceOrientationLandscapeRight";
				INFOPLIST_KEY_UISupportedInterfaceOrientations_iPhone = "UIInterfaceOrientationPortrait UIInterfaceOrientationLandscapeLeft UIInterfaceOrientationLandscapeRight";
				LD_RUNPATH_SEARCH_PATHS = (
					"$(inherited)",
					"@executable_path/Frameworks",
				);
				MARKETING_VERSION = 1.0;
				PRODUCT_BUNDLE_IDENTIFIER = "com.example.frist-project";
				PRODUCT_NAME = "$(TARGET_NAME)";
				SWIFT_EMIT_LOC_STRINGS = YES;
				SWIFT_VERSION = 5.0;
				TARGETED_DEVICE_FAMILY = "1,2";
			};
			name = Debug;
		};
		8E11D46228955B0C00020411 /* Release */ = {
			isa = XCBuildConfiguration;
			baseConfigurationReference = D1E3156570B5AEA39E327E5E /* Pods-frist-project.release.xcconfig */;
			buildSettings = {
				ASSETCATALOG_COMPILER_APPICON_NAME = AppIcon;
				ASSETCATALOG_COMPILER_GLOBAL_ACCENT_COLOR_NAME = AccentColor;
				CODE_SIGN_STYLE = Automatic;
				CURRENT_PROJECT_VERSION = 1;
				DEVELOPMENT_TEAM = BGWT5349A7;
				GENERATE_INFOPLIST_FILE = YES;
				INFOPLIST_FILE = "frist-project/Info.plist";
				INFOPLIST_KEY_UIApplicationSupportsIndirectInputEvents = YES;
				INFOPLIST_KEY_UILaunchStoryboardName = LaunchScreen;
				INFOPLIST_KEY_UIMainStoryboardFile = Main;
				INFOPLIST_KEY_UIRequiresFullScreen = NO;
				INFOPLIST_KEY_UIStatusBarHidden = NO;
				INFOPLIST_KEY_UISupportedInterfaceOrientations_iPad = "UIInterfaceOrientationPortrait UIInterfaceOrientationPortraitUpsideDown UIInterfaceOrientationLandscapeLeft UIInterfaceOrientationLandscapeRight";
				INFOPLIST_KEY_UISupportedInterfaceOrientations_iPhone = "UIInterfaceOrientationPortrait UIInterfaceOrientationLandscapeLeft UIInterfaceOrientationLandscapeRight";
				LD_RUNPATH_SEARCH_PATHS = (
					"$(inherited)",
					"@executable_path/Frameworks",
				);
				MARKETING_VERSION = 1.0;
				PRODUCT_BUNDLE_IDENTIFIER = "com.example.frist-project";
				PRODUCT_NAME = "$(TARGET_NAME)";
				SWIFT_EMIT_LOC_STRINGS = YES;
				SWIFT_VERSION = 5.0;
				TARGETED_DEVICE_FAMILY = "1,2";
			};
			name = Release;
		};
/* End XCBuildConfiguration section */

/* Begin XCConfigurationList section */
		8E11D44428955B0700020411 /* Build configuration list for PBXProject "frist-project" */ = {
			isa = XCConfigurationList;
			buildConfigurations = (
				8E11D45E28955B0C00020411 /* Debug */,
				8E11D45F28955B0C00020411 /* Release */,
			);
			defaultConfigurationIsVisible = 0;
			defaultConfigurationName = Release;
		};
		8E11D46028955B0C00020411 /* Build configuration list for PBXNativeTarget "frist-project" */ = {
			isa = XCConfigurationList;
			buildConfigurations = (
				8E11D46128955B0C00020411 /* Debug */,
				8E11D46228955B0C00020411 /* Release */,
			);
			defaultConfigurationIsVisible = 0;
			defaultConfigurationName = Release;
		};
/* End XCConfigurationList section */

/* Begin XCVersionGroup section */
		8E11D45528955B0700020411 /* frist_project.xcdatamodeld */ = {
			isa = XCVersionGroup;
			children = (
				8E11D45628955B0700020411 /* frist_project.xcdatamodel */,
			);
			currentVersion = 8E11D45628955B0700020411 /* frist_project.xcdatamodel */;
			path = frist_project.xcdatamodeld;
			sourceTree = "<group>";
			versionGroupType = wrapper.xcdatamodel;
		};
/* End XCVersionGroup section */
	};
	rootObject = 8E11D44128955B0700020411 /* Project object */;
}
