// !$*UTF8*$!
{
	archiveVersion = 1;
	classes = {
	};
	objectVersion = 55;
	objects = {

/* Begin PBXBuildFile section */
		8E11D44D28955B0700020411 /* AppDelegate.swift in Sources */ = {isa = PBXBuildFile; fileRef = 8E11D44C28955B0700020411 /* AppDelegate.swift */; };
		8E11D44F28955B0700020411 /* SceneDelegate.swift in Sources */ = {isa = PBXBuildFile; fileRef = 8E11D44E28955B0700020411 /* SceneDelegate.swift */; };
		8E11D45428955B0700020411 /* Main.storyboard in Resources */ = {isa = PBXBuildFile; fileRef = 8E11D45228955B0700020411 /* Main.storyboard */; };
		8E11D45728955B0700020411 /* frist_project.xcdatamodeld in Sources */ = {isa = PBXBuildFile; fileRef = 8E11D45528955B0700020411 /* frist_project.xcdatamodeld */; };
		8E11D45928955B0C00020411 /* Assets.xcassets in Resources */ = {isa = PBXBuildFile; fileRef = 8E11D45828955B0C00020411 /* Assets.xcassets */; };
		8E11D45C28955B0C00020411 /* LaunchScreen.storyboard in Resources */ = {isa = PBXBuildFile; fileRef = 8E11D45A28955B0C00020411 /* LaunchScreen.storyboard */; };
		8E11D46528956BE900020411 /* GredientView.swift in Sources */ = {isa = PBXBuildFile; fileRef = 8E11D46428956BE900020411 /* GredientView.swift */; };
		8E11D468289588E500020411 /* SplashViewController.swift in Sources */ = {isa = PBXBuildFile; fileRef = 8E11D467289588E500020411 /* SplashViewController.swift */; };
		8E11D46A2895CD7600020411 /* facebookBtn.swift in Sources */ = {isa = PBXBuildFile; fileRef = 8E11D4692895CD7600020411 /* facebookBtn.swift */; };
		8E11D46C2895D60200020411 /* textfield.swift in Sources */ = {isa = PBXBuildFile; fileRef = 8E11D46B2895D60100020411 /* textfield.swift */; };
		8E81549F28981A1000F693AC /* TableViewCell.swift in Sources */ = {isa = PBXBuildFile; fileRef = 8E81549E28981A1000F693AC /* TableViewCell.swift */; };
		8EA0E1E528972C1C00165BE5 /* storyCell.swift in Sources */ = {isa = PBXBuildFile; fileRef = 8EA0E1E428972C1C00165BE5 /* storyCell.swift */; };
		8EE3DF7E289701FB00ED9AAF /* step1VC.swift in Sources */ = {isa = PBXBuildFile; fileRef = 8EE3DF7D289701FB00ED9AAF /* step1VC.swift */; };
		8EE3DF802897021100ED9AAF /* step2VC.swift in Sources */ = {isa = PBXBuildFile; fileRef = 8EE3DF7F2897021100ED9AAF /* step2VC.swift */; };
		8EE3DF822897024A00ED9AAF /* step3VC.swift in Sources */ = {isa = PBXBuildFile; fileRef = 8EE3DF812897024A00ED9AAF /* step3VC.swift */; };
		8EE3DF842897026A00ED9AAF /* step4VC.swift in Sources */ = {isa = PBXBuildFile; fileRef = 8EE3DF832897026A00ED9AAF /* step4VC.swift */; };
		8EE3DF862897028900ED9AAF /* login2VC.swift in Sources */ = {isa = PBXBuildFile; fileRef = 8EE3DF852897028900ED9AAF /* login2VC.swift */; };
		8EE3DF8928970F9600ED9AAF /* MainVC.swift in Sources */ = {isa = PBXBuildFile; fileRef = 8EE3DF8828970F9600ED9AAF /* MainVC.swift */; };
/* End PBXBuildFile section */

/* Begin PBXFileReference section */
		8E11D44928955B0700020411 /* frist-project.app */ = {isa = PBXFileReference; explicitFileType = wrapper.application; includeInIndex = 0; path = "frist-project.app"; sourceTree = BUILT_PRODUCTS_DIR; };
		8E11D44C28955B0700020411 /* AppDelegate.swift */ = {isa = PBXFileReference; lastKnownFileType = sourcecode.swift; path = AppDelegate.swift; sourceTree = "<group>"; };
		8E11D44E28955B0700020411 /* SceneDelegate.swift */ = {isa = PBXFileReference; lastKnownFileType = sourcecode.swift; path = SceneDelegate.swift; sourceTree = "<group>"; };
		8E11D45328955B0700020411 /* Base */ = {isa = PBXFileReference; lastKnownFileType = file.storyboard; name = Base; path = Base.lproj/Main.storyboard; sourceTree = "<group>"; };
		8E11D45628955B0700020411 /* frist_project.xcdatamodel */ = {isa = PBXFileReference; lastKnownFileType = wrapper.xcdatamodel; path = frist_project.xcdatamodel; sourceTree = "<group>"; };
		8E11D45828955B0C00020411 /* Assets.xcassets */ = {isa = PBXFileReference; lastKnownFileType = folder.assetcatalog; path = Assets.xcassets; sourceTree = "<group>"; };
		8E11D45B28955B0C00020411 /* Base */ = {isa = PBXFileReference; lastKnownFileType = file.storyboard; name = Base; path = Base.lproj/LaunchScreen.storyboard; sourceTree = "<group>"; };
		8E11D45D28955B0C00020411 /* Info.plist */ = {isa = PBXFileReference; lastKnownFileType = text.plist.xml; path = Info.plist; sourceTree = "<group>"; };
		8E11D46428956BE900020411 /* GredientView.swift */ = {isa = PBXFileReference; lastKnownFileType = sourcecode.swift; path = GredientView.swift; sourceTree = "<group>"; };
		8E11D467289588E500020411 /* SplashViewController.swift */ = {isa = PBXFileReference; lastKnownFileType = sourcecode.swift; path = SplashViewController.swift; sourceTree = "<group>"; };
		8E11D4692895CD7600020411 /* facebookBtn.swift */ = {isa = PBXFileReference; lastKnownFileType = sourcecode.swift; path = facebookBtn.swift; sourceTree = "<group>"; };
		8E11D46B2895D60100020411 /* textfield.swift */ = {isa = PBXFileReference; lastKnownFileType = sourcecode.swift; path = textfield.swift; sourceTree = "<group>"; };
		8E81549E28981A1000F693AC /* TableViewCell.swift */ = {isa = PBXFileReference; lastKnownFileType = sourcecode.swift; path = TableViewCell.swift; sourceTree = "<group>"; };
		8EA0E1E428972C1C00165BE5 /* storyCell.swift */ = {isa = PBXFileReference; lastKnownFileType = sourcecode.swift; path = storyCell.swift; sourceTree = "<group>"; };
		8EE3DF7D289701FB00ED9AAF /* step1VC.swift */ = {isa = PBXFileReference; lastKnownFileType = sourcecode.swift; path = step1VC.swift; sourceTree = "<group>"; };
		8EE3DF7F2897021100ED9AAF /* step2VC.swift */ = {isa = PBXFileReference; lastKnownFileType = sourcecode.swift; path = step2VC.swift; sourceTree = "<group>"; };
		8EE3DF812897024A00ED9AAF /* step3VC.swift */ = {isa = PBXFileReference; lastKnownFileType = sourcecode.swift; path = step3VC.swift; sourceTree = "<group>"; };
		8EE3DF832897026A00ED9AAF /* step4VC.swift */ = {isa = PBXFileReference; lastKnownFileType = sourcecode.swift; path = step4VC.swift; sourceTree = "<group>"; };
		8EE3DF852897028900ED9AAF /* login2VC.swift */ = {isa = PBXFileReference; lastKnownFileType = sourcecode.swift; path = login2VC.swift; sourceTree = "<group>"; };
		8EE3DF8828970F9600ED9AAF /* MainVC.swift */ = {isa = PBXFileReference; lastKnownFileType = sourcecode.swift; path = MainVC.swift; sourceTree = "<group>"; };
/* End PBXFileReference section */

/* Begin PBXFrameworksBuildPhase section */
		8E11D44628955B0700020411 /* Frameworks */ = {
			isa = PBXFrameworksBuildPhase;
			buildActionMask = 2147483647;
			files = (
			);
			runOnlyForDeploymentPostprocessing = 0;
		};
/* End PBXFrameworksBuildPhase section */

/* Begin PBXGroup section */
		8E11D44028955B0700020411 = {
			isa = PBXGroup;
			children = (
				8E11D44B28955B0700020411 /* frist-project */,
				8E11D44A28955B0700020411 /* Products */,
			);
			sourceTree = "<group>";
		};
		8E11D44A28955B0700020411 /* Products */ = {
			isa = PBXGroup;
			children = (
				8E11D44928955B0700020411 /* frist-project.app */,
			);
			name = Products;
			sourceTree = "<group>";
		};
		8E11D44B28955B0700020411 /* frist-project */ = {
			isa = PBXGroup;
			children = (
				8EA0E1E328972BE400165BE5 /* Cell */,
				8EE3DF87289702FE00ED9AAF /* controllers main */,
				8E11D4662895889500020411 /* Controllers */,
				8E11D46328956BA700020411 /* view */,
				8E11D44C28955B0700020411 /* AppDelegate.swift */,
				8E11D44E28955B0700020411 /* SceneDelegate.swift */,
				8E11D45228955B0700020411 /* Main.storyboard */,
				8E11D45828955B0C00020411 /* Assets.xcassets */,
				8E11D45A28955B0C00020411 /* LaunchScreen.storyboard */,
				8E11D45D28955B0C00020411 /* Info.plist */,
				8E11D45528955B0700020411 /* frist_project.xcdatamodeld */,
			);
			path = "frist-project";
			sourceTree = "<group>";
		};
		8E11D46328956BA700020411 /* view */ = {
			isa = PBXGroup;
			children = (
				8E11D46428956BE900020411 /* GredientView.swift */,
				8E11D4692895CD7600020411 /* facebookBtn.swift */,
				8E11D46B2895D60100020411 /* textfield.swift */,
			);
			path = view;
			sourceTree = "<group>";
		};
		8E11D4662895889500020411 /* Controllers */ = {
			isa = PBXGroup;
			children = (
				8E11D467289588E500020411 /* SplashViewController.swift */,
				8EE3DF7D289701FB00ED9AAF /* step1VC.swift */,
				8EE3DF7F2897021100ED9AAF /* step2VC.swift */,
				8EE3DF812897024A00ED9AAF /* step3VC.swift */,
				8EE3DF832897026A00ED9AAF /* step4VC.swift */,
				8EE3DF852897028900ED9AAF /* login2VC.swift */,
			);
			path = Controllers;
			sourceTree = "<group>";
		};
		8EA0E1E328972BE400165BE5 /* Cell */ = {
			isa = PBXGroup;
			children = (
				8EA0E1E428972C1C00165BE5 /* storyCell.swift */,
				8E81549E28981A1000F693AC /* TableViewCell.swift */,
			);
			path = Cell;
			sourceTree = "<group>";
		};
		8EE3DF87289702FE00ED9AAF /* controllers main */ = {
			isa = PBXGroup;
			children = (
				8EE3DF8828970F9600ED9AAF /* MainVC.swift */,
			);
			path = "controllers main";
			sourceTree = "<group>";
		};
/* End PBXGroup section */

/* Begin PBXNativeTarget section */
		8E11D44828955B0700020411 /* frist-project */ = {
			isa = PBXNativeTarget;
			buildConfigurationList = 8E11D46028955B0C00020411 /* Build configuration list for PBXNativeTarget "frist-project" */;
			buildPhases = (
				8E11D44528955B0700020411 /* Sources */,
				8E11D44628955B0700020411 /* Frameworks */,
				8E11D44728955B0700020411 /* Resources */,
			);
			buildRules = (
			);
			dependencies = (
			);
			name = "frist-project";
			productName = "frist-project";
			productReference = 8E11D44928955B0700020411 /* frist-project.app */;
			productType = "com.apple.product-type.application";
		};
/* End PBXNativeTarget section */

/* Begin PBXProject section */
		8E11D44128955B0700020411 /* Project object */ = {
			isa = PBXProject;
			attributes = {
				BuildIndependentTargetsInParallel = 1;
				LastSwiftUpdateCheck = 1340;
				LastUpgradeCheck = 1340;
				TargetAttributes = {
					8E11D44828955B0700020411 = {
						CreatedOnToolsVersion = 13.4.1;
					};
				};
			};
			buildConfigurationList = 8E11D44428955B0700020411 /* Build configuration list for PBXProject "frist-project" */;
			compatibilityVersion = "Xcode 13.0";
			developmentRegion = en;
			hasScannedForEncodings = 0;
			knownRegions = (
				en,
				Base,
			);
			mainGroup = 8E11D44028955B0700020411;
			productRefGroup = 8E11D44A28955B0700020411 /* Products */;
			projectDirPath = "";
			projectRoot = "";
			targets = (
				8E11D44828955B0700020411 /* frist-project */,
			);
		};
/* End PBXProject section */

/* Begin PBXResourcesBuildPhase section */
		8E11D44728955B0700020411 /* Resources */ = {
			isa = PBXResourcesBuildPhase;
			buildActionMask = 2147483647;
			files = (
				8E11D45C28955B0C00020411 /* LaunchScreen.storyboard in Resources */,
				8E11D45928955B0C00020411 /* Assets.xcassets in Resources */,
				8E11D45428955B0700020411 /* Main.storyboard in Resources */,
			);
			runOnlyForDeploymentPostprocessing = 0;
		};
/* End PBXResourcesBuildPhase section */

/* Begin PBXSourcesBuildPhase section */
		8E11D44528955B0700020411 /* Sources */ = {
			isa = PBXSourcesBuildPhase;
			buildActionMask = 2147483647;
			files = (
				8E81549F28981A1000F693AC /* TableViewCell.swift in Sources */,
				8EE3DF822897024A00ED9AAF /* step3VC.swift in Sources */,
				8E11D45728955B0700020411 /* frist_project.xcdatamodeld in Sources */,
				8E11D44D28955B0700020411 /* AppDelegate.swift in Sources */,
				8E11D46528956BE900020411 /* GredientView.swift in Sources */,
				8EE3DF842897026A00ED9AAF /* step4VC.swift in Sources */,
				8E11D44F28955B0700020411 /* SceneDelegate.swift in Sources */,
				8EE3DF802897021100ED9AAF /* step2VC.swift in Sources */,
				8E11D46A2895CD7600020411 /* facebookBtn.swift in Sources */,
				8E11D468289588E500020411 /* SplashViewController.swift in Sources */,
				8EA0E1E528972C1C00165BE5 /* storyCell.swift in Sources */,
				8EE3DF862897028900ED9AAF /* login2VC.swift in Sources */,
				8EE3DF7E289701FB00ED9AAF /* step1VC.swift in Sources */,
				8E11D46C2895D60200020411 /* textfield.swift in Sources */,
				8EE3DF8928970F9600ED9AAF /* MainVC.swift in Sources */,
			);
			runOnlyForDeploymentPostprocessing = 0;
		};
/* End PBXSourcesBuildPhase section */

/* Begin PBXVariantGroup section */
		8E11D45228955B0700020411 /* Main.storyboard */ = {
			isa = PBXVariantGroup;
			children = (
				8E11D45328955B0700020411 /* Base */,
			);
			name = Main.storyboard;
			sourceTree = "<group>";
		};
		8E11D45A28955B0C00020411 /* LaunchScreen.storyboard */ = {
			isa = PBXVariantGroup;
			children = (
				8E11D45B28955B0C00020411 /* Base */,
			);
			name = LaunchScreen.storyboard;
			sourceTree = "<group>";
		};
/* End PBXVariantGroup section */

/* Begin XCBuildConfiguration section */
		8E11D45E28955B0C00020411 /* Debug */ = {
			isa = XCBuildConfiguration;
			buildSettings = {
				ALWAYS_SEARCH_USER_PATHS = NO;
				CLANG_ANALYZER_NONNULL = YES;
				CLANG_ANALYZER_NUMBER_OBJECT_CONVERSION = YES_AGGRESSIVE;
				CLANG_CXX_LANGUAGE_STANDARD = "gnu++17";
				CLANG_ENABLE_MODULES = YES;
				CLANG_ENABLE_OBJC_ARC = YES;
				CLANG_ENABLE_OBJC_WEAK = YES;
				CLANG_WARN_BLOCK_CAPTURE_AUTORELEASING = YES;
				CLANG_WARN_BOOL_CONVERSION = YES;
				CLANG_WARN_COMMA = YES;
				CLANG_WARN_CONSTANT_CONVERSION = YES;
				CLANG_WARN_DEPRECATED_OBJC_IMPLEMENTATIONS = YES;
				CLANG_WARN_DIRECT_OBJC_ISA_USAGE = YES_ERROR;
				CLANG_WARN_DOCUMENTATION_COMMENTS = YES;
				CLANG_WARN_EMPTY_BODY = YES;
				CLANG_WARN_ENUM_CONVERSION = YES;
				CLANG_WARN_INFINITE_RECURSION = YES;
				CLANG_WARN_INT_CONVERSION = YES;
				CLANG_WARN_NON_LITERAL_NULL_CONVERSION = YES;
				CLANG_WARN_OBJC_IMPLICIT_RETAIN_SELF = YES;
				CLANG_WARN_OBJC_LITERAL_CONVERSION = YES;
				CLANG_WARN_OBJC_ROOT_CLASS = YES_ERROR;
				CLANG_WARN_QUOTED_INCLUDE_IN_FRAMEWORK_HEADER = YES;
				CLANG_WARN_RANGE_LOOP_ANALYSIS = YES;
				CLANG_WARN_STRICT_PROTOTYPES = YES;
				CLANG_WARN_SUSPICIOUS_MOVE = YES;
				CLANG_WARN_UNGUARDED_AVAILABILITY = YES_AGGRESSIVE;
				CLANG_WARN_UNREACHABLE_CODE = YES;
				CLANG_WARN__DUPLICATE_METHOD_MATCH = YES;
				COPY_PHASE_STRIP = NO;
				DEBUG_INFORMATION_FORMAT = dwarf;
				ENABLE_STRICT_OBJC_MSGSEND = YES;
				ENABLE_TESTABILITY = YES;
				GCC_C_LANGUAGE_STANDARD = gnu11;
				GCC_DYNAMIC_NO_PIC = NO;
				GCC_NO_COMMON_BLOCKS = YES;
				GCC_OPTIMIZATION_LEVEL = 0;
				GCC_PREPROCESSOR_DEFINITIONS = (
					"DEBUG=1",
					"$(inherited)",
				);
				GCC_WARN_64_TO_32_BIT_CONVERSION = YES;
				GCC_WARN_ABOUT_RETURN_TYPE = YES_ERROR;
				GCC_WARN_UNDECLARED_SELECTOR = YES;
				GCC_WARN_UNINITIALIZED_AUTOS = YES_AGGRESSIVE;
				GCC_WARN_UNUSED_FUNCTION = YES;
				GCC_WARN_UNUSED_VARIABLE = YES;
				IPHONEOS_DEPLOYMENT_TARGET = 15.5;
				MTL_ENABLE_DEBUG_INFO = INCLUDE_SOURCE;
				MTL_FAST_MATH = YES;
				ONLY_ACTIVE_ARCH = YES;
				SDKROOT = iphoneos;
				SWIFT_ACTIVE_COMPILATION_CONDITIONS = DEBUG;
				SWIFT_OPTIMIZATION_LEVEL = "-Onone";
			};
			name = Debug;
		};
		8E11D45F28955B0C00020411 /* Release */ = {
			isa = XCBuildConfiguration;
			buildSettings = {
				ALWAYS_SEARCH_USER_PATHS = NO;
				CLANG_ANALYZER_NONNULL = YES;
				CLANG_ANALYZER_NUMBER_OBJECT_CONVERSION = YES_AGGRESSIVE;
				CLANG_CXX_LANGUAGE_STANDARD = "gnu++17";
				CLANG_ENABLE_MODULES = YES;
				CLANG_ENABLE_OBJC_ARC = YES;
				CLANG_ENABLE_OBJC_WEAK = YES;
				CLANG_WARN_BLOCK_CAPTURE_AUTORELEASING = YES;
				CLANG_WARN_BOOL_CONVERSION = YES;
				CLANG_WARN_COMMA = YES;
				CLANG_WARN_CONSTANT_CONVERSION = YES;
				CLANG_WARN_DEPRECATED_OBJC_IMPLEMENTATIONS = YES;
				CLANG_WARN_DIRECT_OBJC_ISA_USAGE = YES_ERROR;
				CLANG_WARN_DOCUMENTATION_COMMENTS = YES;
				CLANG_WARN_EMPTY_BODY = YES;
				CLANG_WARN_ENUM_CONVERSION = YES;
				CLANG_WARN_INFINITE_RECURSION = YES;
				CLANG_WARN_INT_CONVERSION = YES;
				CLANG_WARN_NON_LITERAL_NULL_CONVERSION = YES;
				CLANG_WARN_OBJC_IMPLICIT_RETAIN_SELF = YES;
				CLANG_WARN_OBJC_LITERAL_CONVERSION = YES;
				CLANG_WARN_OBJC_ROOT_CLASS = YES_ERROR;
				CLANG_WARN_QUOTED_INCLUDE_IN_FRAMEWORK_HEADER = YES;
				CLANG_WARN_RANGE_LOOP_ANALYSIS = YES;
				CLANG_WARN_STRICT_PROTOTYPES = YES;
				CLANG_WARN_SUSPICIOUS_MOVE = YES;
				CLANG_WARN_UNGUARDED_AVAILABILITY = YES_AGGRESSIVE;
				CLANG_WARN_UNREACHABLE_CODE = YES;
				CLANG_WARN__DUPLICATE_METHOD_MATCH = YES;
				COPY_PHASE_STRIP = NO;
				DEBUG_INFORMATION_FORMAT = "dwarf-with-dsym";
				ENABLE_NS_ASSERTIONS = NO;
				ENABLE_STRICT_OBJC_MSGSEND = YES;
				GCC_C_LANGUAGE_STANDARD = gnu11;
				GCC_NO_COMMON_BLOCKS = YES;
				GCC_WARN_64_TO_32_BIT_CONVERSION = YES;
				GCC_WARN_ABOUT_RETURN_TYPE = YES_ERROR;
				GCC_WARN_UNDECLARED_SELECTOR = YES;
				GCC_WARN_UNINITIALIZED_AUTOS = YES_AGGRESSIVE;
				GCC_WARN_UNUSED_FUNCTION = YES;
				GCC_WARN_UNUSED_VARIABLE = YES;
				IPHONEOS_DEPLOYMENT_TARGET = 15.5;
				MTL_ENABLE_DEBUG_INFO = NO;
				MTL_FAST_MATH = YES;
				SDKROOT = iphoneos;
				SWIFT_COMPILATION_MODE = wholemodule;
				SWIFT_OPTIMIZATION_LEVEL = "-O";
				VALIDATE_PRODUCT = YES;
			};
			name = Release;
		};
		8E11D46128955B0C00020411 /* Debug */ = {
			isa = XCBuildConfiguration;
			buildSettings = {
				ASSETCATALOG_COMPILER_APPICON_NAME = AppIcon;
				ASSETCATALOG_COMPILER_GLOBAL_ACCENT_COLOR_NAME = AccentColor;
				CODE_SIGN_STYLE = Automatic;
				CURRENT_PROJECT_VERSION = 1;
				DEVELOPMENT_TEAM = BGWT5349A7;
				GENERATE_INFOPLIST_FILE = YES;
				INFOPLIST_FILE = "frist-project/Info.plist";
				INFOPLIST_KEY_UIApplicationSupportsIndirectInputEvents = YES;
				INFOPLIST_KEY_UILaunchStoryboardName = LaunchScreen;
				INFOPLIST_KEY_UIMainStoryboardFile = Main;
				INFOPLIST_KEY_UISupportedInterfaceOrientations_iPad = "UIInterfaceOrientationPortrait UIInterfaceOrientationPortraitUpsideDown UIInterfaceOrientationLandscapeLeft UIInterfaceOrientationLandscapeRight";
				INFOPLIST_KEY_UISupportedInterfaceOrientations_iPhone = "UIInterfaceOrientationPortrait UIInterfaceOrientationLandscapeLeft UIInterfaceOrientationLandscapeRight";
				LD_RUNPATH_SEARCH_PATHS = (
					"$(inherited)",
					"@executable_path/Frameworks",
				);
				MARKETING_VERSION = 1.0;
				PRODUCT_BUNDLE_IDENTIFIER = "com.example.frist-project";
				PRODUCT_NAME = "$(TARGET_NAME)";
				SWIFT_EMIT_LOC_STRINGS = YES;
				SWIFT_VERSION = 5.0;
				TARGETED_DEVICE_FAMILY = "1,2";
			};
			name = Debug;
		};
		8E11D46228955B0C00020411 /* Release */ = {
			isa = XCBuildConfiguration;
			buildSettings = {
				ASSETCATALOG_COMPILER_APPICON_NAME = AppIcon;
				ASSETCATALOG_COMPILER_GLOBAL_ACCENT_COLOR_NAME = AccentColor;
				CODE_SIGN_STYLE = Automatic;
				CURRENT_PROJECT_VERSION = 1;
				DEVELOPMENT_TEAM = BGWT5349A7;
				GENERATE_INFOPLIST_FILE = YES;
				INFOPLIST_FILE = "frist-project/Info.plist";
				INFOPLIST_KEY_UIApplicationSupportsIndirectInputEvents = YES;
				INFOPLIST_KEY_UILaunchStoryboardName = LaunchScreen;
				INFOPLIST_KEY_UIMainStoryboardFile = Main;
				INFOPLIST_KEY_UISupportedInterfaceOrientations_iPad = "UIInterfaceOrientationPortrait UIInterfaceOrientationPortraitUpsideDown UIInterfaceOrientationLandscapeLeft UIInterfaceOrientationLandscapeRight";
				INFOPLIST_KEY_UISupportedInterfaceOrientations_iPhone = "UIInterfaceOrientationPortrait UIInterfaceOrientationLandscapeLeft UIInterfaceOrientationLandscapeRight";
				LD_RUNPATH_SEARCH_PATHS = (
					"$(inherited)",
					"@executable_path/Frameworks",
				);
				MARKETING_VERSION = 1.0;
				PRODUCT_BUNDLE_IDENTIFIER = "com.example.frist-project";
				PRODUCT_NAME = "$(TARGET_NAME)";
				SWIFT_EMIT_LOC_STRINGS = YES;
				SWIFT_VERSION = 5.0;
				TARGETED_DEVICE_FAMILY = "1,2";
			};
			name = Release;
		};
/* End XCBuildConfiguration section */

/* Begin XCConfigurationList section */
		8E11D44428955B0700020411 /* Build configuration list for PBXProject "frist-project" */ = {
			isa = XCConfigurationList;
			buildConfigurations = (
				8E11D45E28955B0C00020411 /* Debug */,
				8E11D45F28955B0C00020411 /* Release */,
			);
			defaultConfigurationIsVisible = 0;
			defaultConfigurationName = Release;
		};
		8E11D46028955B0C00020411 /* Build configuration list for PBXNativeTarget "frist-project" */ = {
			isa = XCConfigurationList;
			buildConfigurations = (
				8E11D46128955B0C00020411 /* Debug */,
				8E11D46228955B0C00020411 /* Release */,
			);
			defaultConfigurationIsVisible = 0;
			defaultConfigurationName = Release;
		};
/* End XCConfigurationList section */

/* Begin XCVersionGroup section */
		8E11D45528955B0700020411 /* frist_project.xcdatamodeld */ = {
			isa = XCVersionGroup;
			children = (
				8E11D45628955B0700020411 /* frist_project.xcdatamodel */,
			);
			currentVersion = 8E11D45628955B0700020411 /* frist_project.xcdatamodel */;
			path = frist_project.xcdatamodeld;
			sourceTree = "<group>";
			versionGroupType = wrapper.xcdatamodel;
		};
/* End XCVersionGroup section */
	};
	rootObject = 8E11D44128955B0700020411 /* Project object */;
}
